
Microsoft Visual Studio Solution File, Format Version 12.00
# Visual Studio Version 16
VisualStudioVersion = 16.0.30225.117
MinimumVisualStudioVersion = 10.0.40219.1
Project("{888888A0-9F3D-457C-B088-3A5042F75D52}") = "pythonnote", "pythonnote\pythonnote.pyproj", "{B2E78C8D-A76F-4CB0-B8AC-A80A87790C91}"
EndProject
Global
	GlobalSection(SolutionConfigurationPlatforms) = preSolution
		Debug|Any CPU = Debug|Any CPU
		Release|Any CPU = Release|Any CPU
	EndGlobalSection
	GlobalSection(ProjectConfigurationPlatforms) = postSolution
		{B2E78C8D-A76F-4CB0-B8AC-A80A87790C91}.Debug|Any CPU.ActiveCfg = Debug|Any CPU
		{B2E78C8D-A76F-4CB0-B8AC-A80A87790C91}.Release|Any CPU.ActiveCfg = Release|Any CPU
	EndGlobalSection
	GlobalSection(SolutionProperties) = preSolution
		HideSolutionNode = FALSE
	EndGlobalSection
	GlobalSection(ExtensibilityGlobals) = postSolution
		SolutionGuid = {04530DED-FD67-40BB-9C15-68EAAF3F7056}
	EndGlobalSection
EndGlobal
